
Microsoft Visual Studio Solution File, Format Version 12.00
# Visual Studio 15
VisualStudioVersion = 15.0.27703.2042
MinimumVisualStudioVersion = 10.0.40219.1
Project("{9A19103F-16F7-4668-BE54-9A1E7A4F7556}") = "PostgreSQLSample", "PostgreSQLSample\PostgreSQLSample.csproj", "{CEA2ABBD-FD30-4288-AC25-337764375270}"
EndProject
Project("{E53339B2-1760-4266-BCC7-CA923CBCF16C}") = "docker-compose", "docker-compose.dcproj", "{C1FEE3E5-008A-4EE5-BC3D-7E8730E67C0E}"
EndProject
Project("{FAE04EC0-301F-11D3-BF4B-00C04F79EFBC}") = "FirstWebApi", "..\FirstWebApi\FirstWebApi.csproj", "{0F825CCB-75BE-4A9B-ACF0-2B5D0EB1C74D}"
EndProject
Global
	GlobalSection(SolutionConfigurationPlatforms) = preSolution
		Debug|Any CPU = Debug|Any CPU
		Release|Any CPU = Release|Any CPU
	EndGlobalSection
	GlobalSection(ProjectConfigurationPlatforms) = postSolution
		{CEA2ABBD-FD30-4288-AC25-337764375270}.Debug|Any CPU.ActiveCfg = Debug|Any CPU
		{CEA2ABBD-FD30-4288-AC25-337764375270}.Debug|Any CPU.Build.0 = Debug|Any CPU
		{CEA2ABBD-FD30-4288-AC25-337764375270}.Release|Any CPU.ActiveCfg = Release|Any CPU
		{CEA2ABBD-FD30-4288-AC25-337764375270}.Release|Any CPU.Build.0 = Release|Any CPU
		{C1FEE3E5-008A-4EE5-BC3D-7E8730E67C0E}.Debug|Any CPU.ActiveCfg = Debug|Any CPU
		{C1FEE3E5-008A-4EE5-BC3D-7E8730E67C0E}.Debug|Any CPU.Build.0 = Debug|Any CPU
		{C1FEE3E5-008A-4EE5-BC3D-7E8730E67C0E}.Release|Any CPU.ActiveCfg = Release|Any CPU
		{C1FEE3E5-008A-4EE5-BC3D-7E8730E67C0E}.Release|Any CPU.Build.0 = Release|Any CPU
		{0F825CCB-75BE-4A9B-ACF0-2B5D0EB1C74D}.Debug|Any CPU.ActiveCfg = Debug|Any CPU
		{0F825CCB-75BE-4A9B-ACF0-2B5D0EB1C74D}.Debug|Any CPU.Build.0 = Debug|Any CPU
		{0F825CCB-75BE-4A9B-ACF0-2B5D0EB1C74D}.Release|Any CPU.ActiveCfg = Release|Any CPU
		{0F825CCB-75BE-4A9B-ACF0-2B5D0EB1C74D}.Release|Any CPU.Build.0 = Release|Any CPU
	EndGlobalSection
	GlobalSection(SolutionProperties) = preSolution
		HideSolutionNode = FALSE
	EndGlobalSection
	GlobalSection(ExtensibilityGlobals) = postSolution
		SolutionGuid = {CAF98EF0-3CFE-41A1-9B87-D745D27BD947}
	EndGlobalSection
EndGlobal
